
Microsoft Visual Studio Solution File, Format Version 12.00
# Visual Studio Version 17
VisualStudioVersion = 17.11.35327.3
MinimumVisualStudioVersion = 10.0.40219.1
Project("{9A19103F-16F7-4668-BE54-9A1E7A4F7556}") = "CarInsuranceBot.API", "CarInsuranceBot.API\CarInsuranceBot.API.csproj", "{E9551680-5C1D-4738-B161-9B9687FB35A7}"
EndProject
Project("{9A19103F-16F7-4668-BE54-9A1E7A4F7556}") = "CarInsuranceBot.BLL", "CarInsuranceBot.BLL\CarInsuranceBot.BLL.csproj", "{287D86DB-E035-4713-AEBF-6129F597AE25}"
EndProject
Project("{FAE04EC0-301F-11D3-BF4B-00C04F79EFBC}") = "CarInsuranceBot.DAL", "CarInsuranceBot.DAL\CarInsuranceBot.DAL.csproj", "{C3DA032F-2E84-4FE0-86BC-45A792660109}"
EndProject
Project("{2150E333-8FDC-42A3-9474-1A3956D46DE8}") = "Solution Items", "Solution Items", "{FDF00863-2778-49BB-B73C-F75C4335749F}"
	ProjectSection(SolutionItems) = preProject
		.env = .env
	EndProjectSection
EndProject
Global
	GlobalSection(SolutionConfigurationPlatforms) = preSolution
		Debug|Any CPU = Debug|Any CPU
		Release|Any CPU = Release|Any CPU
	EndGlobalSection
	GlobalSection(ProjectConfigurationPlatforms) = postSolution
		{E9551680-5C1D-4738-B161-9B9687FB35A7}.Debug|Any CPU.ActiveCfg = Debug|Any CPU
		{E9551680-5C1D-4738-B161-9B9687FB35A7}.Debug|Any CPU.Build.0 = Debug|Any CPU
		{E9551680-5C1D-4738-B161-9B9687FB35A7}.Release|Any CPU.ActiveCfg = Release|Any CPU
		{E9551680-5C1D-4738-B161-9B9687FB35A7}.Release|Any CPU.Build.0 = Release|Any CPU
		{287D86DB-E035-4713-AEBF-6129F597AE25}.Debug|Any CPU.ActiveCfg = Debug|Any CPU
		{287D86DB-E035-4713-AEBF-6129F597AE25}.Debug|Any CPU.Build.0 = Debug|Any CPU
		{287D86DB-E035-4713-AEBF-6129F597AE25}.Release|Any CPU.ActiveCfg = Release|Any CPU
		{287D86DB-E035-4713-AEBF-6129F597AE25}.Release|Any CPU.Build.0 = Release|Any CPU
		{C3DA032F-2E84-4FE0-86BC-45A792660109}.Debug|Any CPU.ActiveCfg = Debug|Any CPU
		{C3DA032F-2E84-4FE0-86BC-45A792660109}.Debug|Any CPU.Build.0 = Debug|Any CPU
		{C3DA032F-2E84-4FE0-86BC-45A792660109}.Release|Any CPU.ActiveCfg = Release|Any CPU
		{C3DA032F-2E84-4FE0-86BC-45A792660109}.Release|Any CPU.Build.0 = Release|Any CPU
	EndGlobalSection
	GlobalSection(SolutionProperties) = preSolution
		HideSolutionNode = FALSE
	EndGlobalSection
	GlobalSection(ExtensibilityGlobals) = postSolution
		SolutionGuid = {1CA5120F-B7C0-4CDF-A299-BA3FD7AB44AD}
	EndGlobalSection
EndGlobal
